
Microsoft Visual Studio Solution File, Format Version 12.00
# Visual Studio Version 17
VisualStudioVersion = 17.7.34031.279
MinimumVisualStudioVersion = 10.0.40219.1
Project("{FAE04EC0-301F-11D3-BF4B-00C04F79EFBC}") = "Projects", "Projects.csproj", "{AA42F377-4420-432C-831A-9C5B7A14F541}"
EndProject
Global
	GlobalSection(SolutionConfigurationPlatforms) = preSolution
		Debug|Any CPU = Debug|Any CPU
		Release|Any CPU = Release|Any CPU
	EndGlobalSection
	GlobalSection(ProjectConfigurationPlatforms) = postSolution
		{AA42F377-4420-432C-831A-9C5B7A14F541}.Debug|Any CPU.ActiveCfg = Debug|Any CPU
		{AA42F377-4420-432C-831A-9C5B7A14F541}.Debug|Any CPU.Build.0 = Debug|Any CPU
		{AA42F377-4420-432C-831A-9C5B7A14F541}.Release|Any CPU.ActiveCfg = Release|Any CPU
		{AA42F377-4420-432C-831A-9C5B7A14F541}.Release|Any CPU.Build.0 = Release|Any CPU
	EndGlobalSection
	GlobalSection(SolutionProperties) = preSolution
		HideSolutionNode = FALSE
	EndGlobalSection
	GlobalSection(ExtensibilityGlobals) = postSolution
		SolutionGuid = {C6306ED6-FB18-4507-8FFF-D90B214AF3A9}
	EndGlobalSection
EndGlobal
